
Microsoft Visual Studio Solution File, Format Version 12.00
# Visual Studio 2013
VisualStudioVersion = 12.0.31101.0
MinimumVisualStudioVersion = 10.0.40219.1
Project("{FAE04EC0-301F-11D3-BF4B-00C04F79EFBC}") = "DayZServer", "DayZServer\DayZServer.csproj", "{B5C624FC-39B0-4ED0-814F-00AF9606C494}"
	ProjectSection(ProjectDependencies) = postProject
		{3F273B18-3C15-420B-BD8F-DED3E4E52996} = {3F273B18-3C15-420B-BD8F-DED3E4E52996}
	EndProjectSection
EndProject
Project("{FAE04EC0-301F-11D3-BF4B-00C04F79EFBC}") = "SSQLib", "DayZServer\SSQLib\SSQLib.csproj", "{3F273B18-3C15-420B-BD8F-DED3E4E52996}"
EndProject
Global
	GlobalSection(SolutionConfigurationPlatforms) = preSolution
		Debug|Any CPU = Debug|Any CPU
		Debug|Mixed Platforms = Debug|Mixed Platforms
		Debug|x86 = Debug|x86
		Release|Any CPU = Release|Any CPU
		Release|Mixed Platforms = Release|Mixed Platforms
		Release|x86 = Release|x86
	EndGlobalSection
	GlobalSection(ProjectConfigurationPlatforms) = postSolution
		{B5C624FC-39B0-4ED0-814F-00AF9606C494}.Debug|Any CPU.ActiveCfg = Debug|Any CPU
		{B5C624FC-39B0-4ED0-814F-00AF9606C494}.Debug|Any CPU.Build.0 = Debug|Any CPU
		{B5C624FC-39B0-4ED0-814F-00AF9606C494}.Debug|Mixed Platforms.ActiveCfg = Debug|Any CPU
		{B5C624FC-39B0-4ED0-814F-00AF9606C494}.Debug|Mixed Platforms.Build.0 = Debug|Any CPU
		{B5C624FC-39B0-4ED0-814F-00AF9606C494}.Debug|x86.ActiveCfg = Debug|Any CPU
		{B5C624FC-39B0-4ED0-814F-00AF9606C494}.Release|Any CPU.ActiveCfg = Release|Any CPU
		{B5C624FC-39B0-4ED0-814F-00AF9606C494}.Release|Any CPU.Build.0 = Release|Any CPU
		{B5C624FC-39B0-4ED0-814F-00AF9606C494}.Release|Any CPU.Deploy.0 = Release|Any CPU
		{B5C624FC-39B0-4ED0-814F-00AF9606C494}.Release|Mixed Platforms.ActiveCfg = Release|Any CPU
		{B5C624FC-39B0-4ED0-814F-00AF9606C494}.Release|Mixed Platforms.Build.0 = Release|Any CPU
		{B5C624FC-39B0-4ED0-814F-00AF9606C494}.Release|x86.ActiveCfg = Release|Any CPU
		{3F273B18-3C15-420B-BD8F-DED3E4E52996}.Debug|Any CPU.ActiveCfg = Debug|Any CPU
		{3F273B18-3C15-420B-BD8F-DED3E4E52996}.Debug|Any CPU.Build.0 = Debug|Any CPU
		{3F273B18-3C15-420B-BD8F-DED3E4E52996}.Debug|Mixed Platforms.ActiveCfg = Debug|Any CPU
		{3F273B18-3C15-420B-BD8F-DED3E4E52996}.Debug|Mixed Platforms.Build.0 = Debug|Any CPU
		{3F273B18-3C15-420B-BD8F-DED3E4E52996}.Debug|x86.ActiveCfg = Debug|Any CPU
		{3F273B18-3C15-420B-BD8F-DED3E4E52996}.Release|Any CPU.ActiveCfg = Release|Any CPU
		{3F273B18-3C15-420B-BD8F-DED3E4E52996}.Release|Any CPU.Build.0 = Release|Any CPU
		{3F273B18-3C15-420B-BD8F-DED3E4E52996}.Release|Mixed Platforms.ActiveCfg = Release|Any CPU
		{3F273B18-3C15-420B-BD8F-DED3E4E52996}.Release|Mixed Platforms.Build.0 = Release|Any CPU
		{3F273B18-3C15-420B-BD8F-DED3E4E52996}.Release|x86.ActiveCfg = Release|Any CPU
	EndGlobalSection
	GlobalSection(SolutionProperties) = preSolution
		HideSolutionNode = FALSE
	EndGlobalSection
EndGlobal
